<?xml version="1.0" encoding="utf-8"?>
<Project ToolsVersion="16.0" xmlns="http://schemas.microsoft.com/developer/msbuild/2003">
  <ItemGroup>
    <CustomBuild Include="C:\Users\M1XANCHOS\Desktop\Reposit\2022-polytech-yudin\02_compiler\results\CMakeFiles\0ca7513a1375d542d17d06cfc6860241\generate.stamp.rule">
      <Filter>CMake Rules</Filter>
    </CustomBuild>
  </ItemGroup>
  <ItemGroup>
    <Filter Include="CMake Rules">
      <UniqueIdentifier>{9F2E6A1E-6510-38BD-A3F4-10A77F13FADA}</UniqueIdentifier>
    </Filter>
  </ItemGroup>
</Project>
